{
    "hash": "f262b6a32180cbb0f726e3c7a1e11450",
    "packages": [
        {
            "package": "composer/installers",
            "version": "dev-master",
            "source-reference": "305f3cebc0f6170de349af93e56b4df90f14941e",
            "commit-date": "1343944399"
        },
        {
            "package": "ctrl-f5/ctrljs",
            "version": "dev-master",
            "source-reference": "689ac7f342853b67453b3aef03957391f25abe62",
            "commit-date": "1344025590"
        },
        {
            "package": "ctrl-f5/ctrllib",
            "version": "dev-master",
            "source-reference": "9ce93773c62753ad933c8ba331fb2eb55821dcd2",
            "commit-date": "1344104436"
        },
        {
            "package": "doctrine/common",
            "version": "2.3.x-dev",
            "source-reference": "2ec4bc6db13db6a0976a16b71058083c55cbcdbd",
            "commit-date": "1343847076"
        },
        {
            "package": "doctrine/data-fixtures",
            "version": "dev-master",
            "source-reference": "779c3dfe446b6da893be87b908d6be28345d1e01",
            "commit-date": "1341780535"
        },
        {
            "package": "doctrine/dbal",
            "version": "2.3.x-dev",
            "source-reference": "86b10e7eda2eed1d9a07a580a40e14cea8e1733a",
            "commit-date": "1343559046"
        },
        {
            "package": "doctrine/doctrine-module",
            "version": "dev-master",
            "source-reference": "dd6ec9a75d187085041e046475bfd69d3c00db6d",
            "commit-date": "1343934116"
        },
        {
            "package": "doctrine/doctrine-orm-module",
            "version": "dev-master",
            "source-reference": "5d1c5c9d5962e034fa463d2265dab77b22fe7b76",
            "commit-date": "1343827918"
        },
        {
            "package": "doctrine/migrations",
            "version": "dev-master",
            "source-reference": "b86b4cc0a39714f0aa53b908d495beacfa0e4011",
            "commit-date": "1343202693"
        },
        {
            "package": "doctrine/orm",
            "version": "2.3.x-dev",
            "source-reference": "17862d9a2a38bf801e564d09a26eea8503621ae0",
            "commit-date": "1343850025"
        },
        {
            "package": "symfony/console",
            "version": "dev-master",
            "alias-pretty-version": "2.1.x-dev",
            "alias-version": "2.1.9999999.9999999-dev"
        },
        {
            "package": "symfony/console",
            "version": "dev-master",
            "source-reference": "v2.1.0-RC1",
            "commit-date": "1343512949"
        },
        {
            "package": "symfony/yaml",
            "version": "dev-master",
            "alias-pretty-version": "2.1.x-dev",
            "alias-version": "2.1.9999999.9999999-dev"
        },
        {
            "package": "symfony/yaml",
            "version": "dev-master",
            "source-reference": "v2.1.0-RC1",
            "commit-date": "1342347231"
        },
        {
            "package": "zendframework/zendframework",
            "version": "dev-master",
            "alias-pretty-version": "2.0.x-dev",
            "alias-version": "2.0.9999999.9999999-dev"
        },
        {
            "package": "zendframework/zendframework",
            "version": "dev-master",
            "source-reference": "c34e65aca73902b311a374b2f4a0a1d4ee9bf792",
            "commit-date": "1343248155"
        }
    ],
    "packages-dev": null,
    "aliases": [

    ],
    "minimum-stability": "dev",
    "stability-flags": {
        "zendframework/zendframework": 20,
        "doctrine/doctrine-orm-module": 20,
        "doctrine/doctrine-module": 20,
        "ctrl-f5/ctrllib": 20,
        "ctrl-f5/ctrljs": 20
    }
}
